// !$*UTF8*$!
{
	archiveVersion = 1;
	classes = {
	};
	objectVersion = 56;
	objects = {

/* Begin PBXBuildFile section */
		7A36091A2BE39CCC0090CE68 /* AlertPresenter.swift in Sources */ = {isa = PBXBuildFile; fileRef = 7A3609192BE39CCC0090CE68 /* AlertPresenter.swift */; };
		7A395F242BE5052200888D76 /* MapView.swift in Sources */ = {isa = PBXBuildFile; fileRef = 7A395F232BE5052200888D76 /* MapView.swift */; };
		7AFC8DCA2BE11D9E0068752E /* AppDelegate.swift in Sources */ = {isa = PBXBuildFile; fileRef = 7AFC8DC92BE11D9E0068752E /* AppDelegate.swift */; };
		7AFC8DCC2BE11D9E0068752E /* SceneDelegate.swift in Sources */ = {isa = PBXBuildFile; fileRef = 7AFC8DCB2BE11D9E0068752E /* SceneDelegate.swift */; };
		7AFC8DCE2BE11D9E0068752E /* ViewController.swift in Sources */ = {isa = PBXBuildFile; fileRef = 7AFC8DCD2BE11D9E0068752E /* ViewController.swift */; };
		7AFC8DD12BE11D9F0068752E /* Main.storyboard in Resources */ = {isa = PBXBuildFile; fileRef = 7AFC8DCF2BE11D9F0068752E /* Main.storyboard */; };
		7AFC8DD32BE11DA00068752E /* Assets.xcassets in Resources */ = {isa = PBXBuildFile; fileRef = 7AFC8DD22BE11DA00068752E /* Assets.xcassets */; };
		7AFC8DD62BE11DA00068752E /* LaunchScreen.storyboard in Resources */ = {isa = PBXBuildFile; fileRef = 7AFC8DD42BE11DA00068752E /* LaunchScreen.storyboard */; };
		B91C85CDE813393D06D10925 /* Pods_TMSHomework_Lesson39.framework in Frameworks */ = {isa = PBXBuildFile; fileRef = 1A458D5CF820FDAC075CBFC0 /* Pods_TMSHomework_Lesson39.framework */; };
/* End PBXBuildFile section */

/* Begin PBXFileReference section */
		1A458D5CF820FDAC075CBFC0 /* Pods_TMSHomework_Lesson39.framework */ = {isa = PBXFileReference; explicitFileType = wrapper.framework; includeInIndex = 0; path = Pods_TMSHomework_Lesson39.framework; sourceTree = BUILT_PRODUCTS_DIR; };
		35444FDA8DCF3A957C0F1A30 /* Pods-TMSHomework-Lesson39.debug.xcconfig */ = {isa = PBXFileReference; includeInIndex = 1; lastKnownFileType = text.xcconfig; name = "Pods-TMSHomework-Lesson39.debug.xcconfig"; path = "Target Support Files/Pods-TMSHomework-Lesson39/Pods-TMSHomework-Lesson39.debug.xcconfig"; sourceTree = "<group>"; };
		7A3609192BE39CCC0090CE68 /* AlertPresenter.swift */ = {isa = PBXFileReference; lastKnownFileType = sourcecode.swift; path = AlertPresenter.swift; sourceTree = "<group>"; };
		7A395F232BE5052200888D76 /* MapView.swift */ = {isa = PBXFileReference; lastKnownFileType = sourcecode.swift; path = MapView.swift; sourceTree = "<group>"; };
		7AFC8DC62BE11D9E0068752E /* TMSHomework-Lesson39.app */ = {isa = PBXFileReference; explicitFileType = wrapper.application; includeInIndex = 0; path = "TMSHomework-Lesson39.app"; sourceTree = BUILT_PRODUCTS_DIR; };
		7AFC8DC92BE11D9E0068752E /* AppDelegate.swift */ = {isa = PBXFileReference; lastKnownFileType = sourcecode.swift; path = AppDelegate.swift; sourceTree = "<group>"; };
		7AFC8DCB2BE11D9E0068752E /* SceneDelegate.swift */ = {isa = PBXFileReference; lastKnownFileType = sourcecode.swift; path = SceneDelegate.swift; sourceTree = "<group>"; };
		7AFC8DCD2BE11D9E0068752E /* ViewController.swift */ = {isa = PBXFileReference; lastKnownFileType = sourcecode.swift; path = ViewController.swift; sourceTree = "<group>"; };
		7AFC8DD02BE11D9F0068752E /* Base */ = {isa = PBXFileReference; lastKnownFileType = file.storyboard; name = Base; path = Base.lproj/Main.storyboard; sourceTree = "<group>"; };
		7AFC8DD22BE11DA00068752E /* Assets.xcassets */ = {isa = PBXFileReference; lastKnownFileType = folder.assetcatalog; path = Assets.xcassets; sourceTree = "<group>"; };
		7AFC8DD52BE11DA00068752E /* Base */ = {isa = PBXFileReference; lastKnownFileType = file.storyboard; name = Base; path = Base.lproj/LaunchScreen.storyboard; sourceTree = "<group>"; };
		7AFC8DD72BE11DA00068752E /* Info.plist */ = {isa = PBXFileReference; lastKnownFileType = text.plist.xml; path = Info.plist; sourceTree = "<group>"; };
		FE243F3EA9BC0AB1F5CC8B7A /* Pods-TMSHomework-Lesson39.release.xcconfig */ = {isa = PBXFileReference; includeInIndex = 1; lastKnownFileType = text.xcconfig; name = "Pods-TMSHomework-Lesson39.release.xcconfig"; path = "Target Support Files/Pods-TMSHomework-Lesson39/Pods-TMSHomework-Lesson39.release.xcconfig"; sourceTree = "<group>"; };
/* End PBXFileReference section */

/* Begin PBXFrameworksBuildPhase section */
		7AFC8DC32BE11D9E0068752E /* Frameworks */ = {
			isa = PBXFrameworksBuildPhase;
			buildActionMask = 2147483647;
			files = (
				B91C85CDE813393D06D10925 /* Pods_TMSHomework_Lesson39.framework in Frameworks */,
			);
			runOnlyForDeploymentPostprocessing = 0;
		};
/* End PBXFrameworksBuildPhase section */

/* Begin PBXGroup section */
		683CF9C4C5B5CF97F621D2D6 /* Pods */ = {
			isa = PBXGroup;
			children = (
				35444FDA8DCF3A957C0F1A30 /* Pods-TMSHomework-Lesson39.debug.xcconfig */,
				FE243F3EA9BC0AB1F5CC8B7A /* Pods-TMSHomework-Lesson39.release.xcconfig */,
			);
			path = Pods;
			sourceTree = "<group>";
		};
		7A3609182BE39CBB0090CE68 /* Utils */ = {
			isa = PBXGroup;
			children = (
				7A3609192BE39CCC0090CE68 /* AlertPresenter.swift */,
			);
			path = Utils;
			sourceTree = "<group>";
		};
		7AFC8DBD2BE11D9E0068752E = {
			isa = PBXGroup;
			children = (
				7AFC8DC82BE11D9E0068752E /* TMSHomework-Lesson39 */,
				7AFC8DC72BE11D9E0068752E /* Products */,
				683CF9C4C5B5CF97F621D2D6 /* Pods */,
				8DB0A357F28167144ACF8691 /* Frameworks */,
			);
			sourceTree = "<group>";
		};
		7AFC8DC72BE11D9E0068752E /* Products */ = {
			isa = PBXGroup;
			children = (
				7AFC8DC62BE11D9E0068752E /* TMSHomework-Lesson39.app */,
			);
			name = Products;
			sourceTree = "<group>";
		};
		7AFC8DC82BE11D9E0068752E /* TMSHomework-Lesson39 */ = {
			isa = PBXGroup;
			children = (
				7AFC8DC92BE11D9E0068752E /* AppDelegate.swift */,
				7AFC8DCB2BE11D9E0068752E /* SceneDelegate.swift */,
				7AFC8DCD2BE11D9E0068752E /* ViewController.swift */,
				7A395F232BE5052200888D76 /* MapView.swift */,
				7A3609182BE39CBB0090CE68 /* Utils */,
				7AFC8DCF2BE11D9F0068752E /* Main.storyboard */,
				7AFC8DD22BE11DA00068752E /* Assets.xcassets */,
				7AFC8DD42BE11DA00068752E /* LaunchScreen.storyboard */,
				7AFC8DD72BE11DA00068752E /* Info.plist */,
			);
			path = "TMSHomework-Lesson39";
			sourceTree = "<group>";
		};
		8DB0A357F28167144ACF8691 /* Frameworks */ = {
			isa = PBXGroup;
			children = (
				1A458D5CF820FDAC075CBFC0 /* Pods_TMSHomework_Lesson39.framework */,
			);
			name = Frameworks;
			sourceTree = "<group>";
		};
/* End PBXGroup section */

/* Begin PBXNativeTarget section */
		7AFC8DC52BE11D9E0068752E /* TMSHomework-Lesson39 */ = {
			isa = PBXNativeTarget;
			buildConfigurationList = 7AFC8DDA2BE11DA00068752E /* Build configuration list for PBXNativeTarget "TMSHomework-Lesson39" */;
			buildPhases = (
				8B730A6B817AC2E0A142716C /* [CP] Check Pods Manifest.lock */,
				7AFC8DC22BE11D9E0068752E /* Sources */,
				7AFC8DC32BE11D9E0068752E /* Frameworks */,
				7AFC8DC42BE11D9E0068752E /* Resources */,
				71C927892E6C29CA5B26B0B2 /* [CP] Copy Pods Resources */,
			);
			buildRules = (
			);
			dependencies = (
			);
			name = "TMSHomework-Lesson39";
			productName = "TMSHomework-Lesson39";
			productReference = 7AFC8DC62BE11D9E0068752E /* TMSHomework-Lesson39.app */;
			productType = "com.apple.product-type.application";
		};
/* End PBXNativeTarget section */

/* Begin PBXProject section */
		7AFC8DBE2BE11D9E0068752E /* Project object */ = {
			isa = PBXProject;
			attributes = {
				BuildIndependentTargetsInParallel = 1;
				LastSwiftUpdateCheck = 1520;
				LastUpgradeCheck = 1520;
				TargetAttributes = {
					7AFC8DC52BE11D9E0068752E = {
						CreatedOnToolsVersion = 15.2;
					};
				};
			};
			buildConfigurationList = 7AFC8DC12BE11D9E0068752E /* Build configuration list for PBXProject "TMSHomework-Lesson39" */;
			compatibilityVersion = "Xcode 14.0";
			developmentRegion = en;
			hasScannedForEncodings = 0;
			knownRegions = (
				en,
				Base,
			);
			mainGroup = 7AFC8DBD2BE11D9E0068752E;
			productRefGroup = 7AFC8DC72BE11D9E0068752E /* Products */;
			projectDirPath = "";
			projectRoot = "";
			targets = (
				7AFC8DC52BE11D9E0068752E /* TMSHomework-Lesson39 */,
			);
		};
/* End PBXProject section */

/* Begin PBXResourcesBuildPhase section */
		7AFC8DC42BE11D9E0068752E /* Resources */ = {
			isa = PBXResourcesBuildPhase;
			buildActionMask = 2147483647;
			files = (
				7AFC8DD62BE11DA00068752E /* LaunchScreen.storyboard in Resources */,
				7AFC8DD32BE11DA00068752E /* Assets.xcassets in Resources */,
				7AFC8DD12BE11D9F0068752E /* Main.storyboard in Resources */,
			);
			runOnlyForDeploymentPostprocessing = 0;
		};
/* End PBXResourcesBuildPhase section */

/* Begin PBXShellScriptBuildPhase section */
		71C927892E6C29CA5B26B0B2 /* [CP] Copy Pods Resources */ = {
			isa = PBXShellScriptBuildPhase;
			buildActionMask = 2147483647;
			files = (
			);
			inputFileListPaths = (
				"${PODS_ROOT}/Target Support Files/Pods-TMSHomework-Lesson39/Pods-TMSHomework-Lesson39-resources-${CONFIGURATION}-input-files.xcfilelist",
			);
			name = "[CP] Copy Pods Resources";
			outputFileListPaths = (
				"${PODS_ROOT}/Target Support Files/Pods-TMSHomework-Lesson39/Pods-TMSHomework-Lesson39-resources-${CONFIGURATION}-output-files.xcfilelist",
			);
			runOnlyForDeploymentPostprocessing = 0;
			shellPath = /bin/sh;
			shellScript = "\"${PODS_ROOT}/Target Support Files/Pods-TMSHomework-Lesson39/Pods-TMSHomework-Lesson39-resources.sh\"\n";
			showEnvVarsInLog = 0;
		};
		8B730A6B817AC2E0A142716C /* [CP] Check Pods Manifest.lock */ = {
			isa = PBXShellScriptBuildPhase;
			buildActionMask = 2147483647;
			files = (
			);
			inputFileListPaths = (
			);
			inputPaths = (
				"${PODS_PODFILE_DIR_PATH}/Podfile.lock",
				"${PODS_ROOT}/Manifest.lock",
			);
			name = "[CP] Check Pods Manifest.lock";
			outputFileListPaths = (
			);
			outputPaths = (
				"$(DERIVED_FILE_DIR)/Pods-TMSHomework-Lesson39-checkManifestLockResult.txt",
			);
			runOnlyForDeploymentPostprocessing = 0;
			shellPath = /bin/sh;
			shellScript = "diff \"${PODS_PODFILE_DIR_PATH}/Podfile.lock\" \"${PODS_ROOT}/Manifest.lock\" > /dev/null\nif [ $? != 0 ] ; then\n    # print error to STDERR\n    echo \"error: The sandbox is not in sync with the Podfile.lock. Run 'pod install' or update your CocoaPods installation.\" >&2\n    exit 1\nfi\n# This output is used by Xcode 'outputs' to avoid re-running this script phase.\necho \"SUCCESS\" > \"${SCRIPT_OUTPUT_FILE_0}\"\n";
			showEnvVarsInLog = 0;
		};
/* End PBXShellScriptBuildPhase section */

/* Begin PBXSourcesBuildPhase section */
		7AFC8DC22BE11D9E0068752E /* Sources */ = {
			isa = PBXSourcesBuildPhase;
			buildActionMask = 2147483647;
			files = (
				7AFC8DCE2BE11D9E0068752E /* ViewController.swift in Sources */,
				7AFC8DCA2BE11D9E0068752E /* AppDelegate.swift in Sources */,
				7A395F242BE5052200888D76 /* MapView.swift in Sources */,
				7AFC8DCC2BE11D9E0068752E /* SceneDelegate.swift in Sources */,
				7A36091A2BE39CCC0090CE68 /* AlertPresenter.swift in Sources */,
			);
			runOnlyForDeploymentPostprocessing = 0;
		};
/* End PBXSourcesBuildPhase section */

/* Begin PBXVariantGroup section */
		7AFC8DCF2BE11D9F0068752E /* Main.storyboard */ = {
			isa = PBXVariantGroup;
			children = (
				7AFC8DD02BE11D9F0068752E /* Base */,
			);
			name = Main.storyboard;
			sourceTree = "<group>";
		};
		7AFC8DD42BE11DA00068752E /* LaunchScreen.storyboard */ = {
			isa = PBXVariantGroup;
			children = (
				7AFC8DD52BE11DA00068752E /* Base */,
			);
			name = LaunchScreen.storyboard;
			sourceTree = "<group>";
		};
/* End PBXVariantGroup section */

/* Begin XCBuildConfiguration section */
		7AFC8DD82BE11DA00068752E /* Debug */ = {
			isa = XCBuildConfiguration;
			buildSettings = {
				ALWAYS_SEARCH_USER_PATHS = NO;
				ASSETCATALOG_COMPILER_GENERATE_SWIFT_ASSET_SYMBOL_EXTENSIONS = YES;
				CLANG_ANALYZER_NONNULL = YES;
				CLANG_ANALYZER_NUMBER_OBJECT_CONVERSION = YES_AGGRESSIVE;
				CLANG_CXX_LANGUAGE_STANDARD = "gnu++20";
				CLANG_ENABLE_MODULES = YES;
				CLANG_ENABLE_OBJC_ARC = YES;
				CLANG_ENABLE_OBJC_WEAK = YES;
				CLANG_WARN_BLOCK_CAPTURE_AUTORELEASING = YES;
				CLANG_WARN_BOOL_CONVERSION = YES;
				CLANG_WARN_COMMA = YES;
				CLANG_WARN_CONSTANT_CONVERSION = YES;
				CLANG_WARN_DEPRECATED_OBJC_IMPLEMENTATIONS = YES;
				CLANG_WARN_DIRECT_OBJC_ISA_USAGE = YES_ERROR;
				CLANG_WARN_DOCUMENTATION_COMMENTS = YES;
				CLANG_WARN_EMPTY_BODY = YES;
				CLANG_WARN_ENUM_CONVERSION = YES;
				CLANG_WARN_INFINITE_RECURSION = YES;
				CLANG_WARN_INT_CONVERSION = YES;
				CLANG_WARN_NON_LITERAL_NULL_CONVERSION = YES;
				CLANG_WARN_OBJC_IMPLICIT_RETAIN_SELF = YES;
				CLANG_WARN_OBJC_LITERAL_CONVERSION = YES;
				CLANG_WARN_OBJC_ROOT_CLASS = YES_ERROR;
				CLANG_WARN_QUOTED_INCLUDE_IN_FRAMEWORK_HEADER = YES;
				CLANG_WARN_RANGE_LOOP_ANALYSIS = YES;
				CLANG_WARN_STRICT_PROTOTYPES = YES;
				CLANG_WARN_SUSPICIOUS_MOVE = YES;
				CLANG_WARN_UNGUARDED_AVAILABILITY = YES_AGGRESSIVE;
				CLANG_WARN_UNREACHABLE_CODE = YES;
				CLANG_WARN__DUPLICATE_METHOD_MATCH = YES;
				COPY_PHASE_STRIP = NO;
				DEBUG_INFORMATION_FORMAT = dwarf;
				ENABLE_STRICT_OBJC_MSGSEND = YES;
				ENABLE_TESTABILITY = YES;
				ENABLE_USER_SCRIPT_SANDBOXING = NO;
				GCC_C_LANGUAGE_STANDARD = gnu17;
				GCC_DYNAMIC_NO_PIC = NO;
				GCC_NO_COMMON_BLOCKS = YES;
				GCC_OPTIMIZATION_LEVEL = 0;
				GCC_PREPROCESSOR_DEFINITIONS = (
					"DEBUG=1",
					"$(inherited)",
				);
				GCC_WARN_64_TO_32_BIT_CONVERSION = YES;
				GCC_WARN_ABOUT_RETURN_TYPE = YES_ERROR;
				GCC_WARN_UNDECLARED_SELECTOR = YES;
				GCC_WARN_UNINITIALIZED_AUTOS = YES_AGGRESSIVE;
				GCC_WARN_UNUSED_FUNCTION = YES;
				GCC_WARN_UNUSED_VARIABLE = YES;
				IPHONEOS_DEPLOYMENT_TARGET = 17.2;
				LOCALIZATION_PREFERS_STRING_CATALOGS = YES;
				MTL_ENABLE_DEBUG_INFO = INCLUDE_SOURCE;
				MTL_FAST_MATH = YES;
				ONLY_ACTIVE_ARCH = YES;
				SDKROOT = iphoneos;
				SWIFT_ACTIVE_COMPILATION_CONDITIONS = "DEBUG $(inherited)";
				SWIFT_OPTIMIZATION_LEVEL = "-Onone";
			};
			name = Debug;
		};
		7AFC8DD92BE11DA00068752E /* Release */ = {
			isa = XCBuildConfiguration;
			buildSettings = {
				ALWAYS_SEARCH_USER_PATHS = NO;
				ASSETCATALOG_COMPILER_GENERATE_SWIFT_ASSET_SYMBOL_EXTENSIONS = YES;
				CLANG_ANALYZER_NONNULL = YES;
				CLANG_ANALYZER_NUMBER_OBJECT_CONVERSION = YES_AGGRESSIVE;
				CLANG_CXX_LANGUAGE_STANDARD = "gnu++20";
				CLANG_ENABLE_MODULES = YES;
				CLANG_ENABLE_OBJC_ARC = YES;
				CLANG_ENABLE_OBJC_WEAK = YES;
				CLANG_WARN_BLOCK_CAPTURE_AUTORELEASING = YES;
				CLANG_WARN_BOOL_CONVERSION = YES;
				CLANG_WARN_COMMA = YES;
				CLANG_WARN_CONSTANT_CONVERSION = YES;
				CLANG_WARN_DEPRECATED_OBJC_IMPLEMENTATIONS = YES;
				CLANG_WARN_DIRECT_OBJC_ISA_USAGE = YES_ERROR;
				CLANG_WARN_DOCUMENTATION_COMMENTS = YES;
				CLANG_WARN_EMPTY_BODY = YES;
				CLANG_WARN_ENUM_CONVERSION = YES;
				CLANG_WARN_INFINITE_RECURSION = YES;
				CLANG_WARN_INT_CONVERSION = YES;
				CLANG_WARN_NON_LITERAL_NULL_CONVERSION = YES;
				CLANG_WARN_OBJC_IMPLICIT_RETAIN_SELF = YES;
				CLANG_WARN_OBJC_LITERAL_CONVERSION = YES;
				CLANG_WARN_OBJC_ROOT_CLASS = YES_ERROR;
				CLANG_WARN_QUOTED_INCLUDE_IN_FRAMEWORK_HEADER = YES;
				CLANG_WARN_RANGE_LOOP_ANALYSIS = YES;
				CLANG_WARN_STRICT_PROTOTYPES = YES;
				CLANG_WARN_SUSPICIOUS_MOVE = YES;
				CLANG_WARN_UNGUARDED_AVAILABILITY = YES_AGGRESSIVE;
				CLANG_WARN_UNREACHABLE_CODE = YES;
				CLANG_WARN__DUPLICATE_METHOD_MATCH = YES;
				COPY_PHASE_STRIP = NO;
				DEBUG_INFORMATION_FORMAT = "dwarf-with-dsym";
				ENABLE_NS_ASSERTIONS = NO;
				ENABLE_STRICT_OBJC_MSGSEND = YES;
				ENABLE_USER_SCRIPT_SANDBOXING = NO;
				GCC_C_LANGUAGE_STANDARD = gnu17;
				GCC_NO_COMMON_BLOCKS = YES;
				GCC_WARN_64_TO_32_BIT_CONVERSION = YES;
				GCC_WARN_ABOUT_RETURN_TYPE = YES_ERROR;
				GCC_WARN_UNDECLARED_SELECTOR = YES;
				GCC_WARN_UNINITIALIZED_AUTOS = YES_AGGRESSIVE;
				GCC_WARN_UNUSED_FUNCTION = YES;
				GCC_WARN_UNUSED_VARIABLE = YES;
				IPHONEOS_DEPLOYMENT_TARGET = 17.2;
				LOCALIZATION_PREFERS_STRING_CATALOGS = YES;
				MTL_ENABLE_DEBUG_INFO = NO;
				MTL_FAST_MATH = YES;
				SDKROOT = iphoneos;
				SWIFT_COMPILATION_MODE = wholemodule;
				VALIDATE_PRODUCT = YES;
			};
			name = Release;
		};
		7AFC8DDB2BE11DA00068752E /* Debug */ = {
			isa = XCBuildConfiguration;
			baseConfigurationReference = 35444FDA8DCF3A957C0F1A30 /* Pods-TMSHomework-Lesson39.debug.xcconfig */;
			buildSettings = {
				ASSETCATALOG_COMPILER_APPICON_NAME = AppIcon;
				ASSETCATALOG_COMPILER_GLOBAL_ACCENT_COLOR_NAME = AccentColor;
				CODE_SIGN_STYLE = Automatic;
				CURRENT_PROJECT_VERSION = 1;
				DEVELOPMENT_TEAM = BLSN95DCGL;
				GENERATE_INFOPLIST_FILE = YES;
				INFOPLIST_FILE = "TMSHomework-Lesson39/Info.plist";
				INFOPLIST_KEY_UIApplicationSupportsIndirectInputEvents = YES;
				INFOPLIST_KEY_UILaunchStoryboardName = LaunchScreen;
				INFOPLIST_KEY_UIMainStoryboardFile = Main;
				INFOPLIST_KEY_UISupportedInterfaceOrientations_iPad = "UIInterfaceOrientationPortrait UIInterfaceOrientationPortraitUpsideDown UIInterfaceOrientationLandscapeLeft UIInterfaceOrientationLandscapeRight";
				INFOPLIST_KEY_UISupportedInterfaceOrientations_iPhone = "UIInterfaceOrientationPortrait UIInterfaceOrientationLandscapeLeft UIInterfaceOrientationLandscapeRight";
				LD_RUNPATH_SEARCH_PATHS = (
					"$(inherited)",
					"@executable_path/Frameworks",
				);
				MARKETING_VERSION = 1.0;
				PRODUCT_BUNDLE_IDENTIFIER = "com.example.TMSHomework-Lesson39";
				PRODUCT_NAME = "$(TARGET_NAME)";
				SWIFT_EMIT_LOC_STRINGS = YES;
				SWIFT_VERSION = 5.0;
				TARGETED_DEVICE_FAMILY = "1,2";
			};
			name = Debug;
		};
		7AFC8DDC2BE11DA00068752E /* Release */ = {
			isa = XCBuildConfiguration;
			baseConfigurationReference = FE243F3EA9BC0AB1F5CC8B7A /* Pods-TMSHomework-Lesson39.release.xcconfig */;
			buildSettings = {
				ASSETCATALOG_COMPILER_APPICON_NAME = AppIcon;
				ASSETCATALOG_COMPILER_GLOBAL_ACCENT_COLOR_NAME = AccentColor;
				CODE_SIGN_STYLE = Automatic;
				CURRENT_PROJECT_VERSION = 1;
				DEVELOPMENT_TEAM = BLSN95DCGL;
				GENERATE_INFOPLIST_FILE = YES;
				INFOPLIST_FILE = "TMSHomework-Lesson39/Info.plist";
				INFOPLIST_KEY_UIApplicationSupportsIndirectInputEvents = YES;
				INFOPLIST_KEY_UILaunchStoryboardName = LaunchScreen;
				INFOPLIST_KEY_UIMainStoryboardFile = Main;
				INFOPLIST_KEY_UISupportedInterfaceOrientations_iPad = "UIInterfaceOrientationPortrait UIInterfaceOrientationPortraitUpsideDown UIInterfaceOrientationLandscapeLeft UIInterfaceOrientationLandscapeRight";
				INFOPLIST_KEY_UISupportedInterfaceOrientations_iPhone = "UIInterfaceOrientationPortrait UIInterfaceOrientationLandscapeLeft UIInterfaceOrientationLandscapeRight";
				LD_RUNPATH_SEARCH_PATHS = (
					"$(inherited)",
					"@executable_path/Frameworks",
				);
				MARKETING_VERSION = 1.0;
				PRODUCT_BUNDLE_IDENTIFIER = "com.example.TMSHomework-Lesson39";
				PRODUCT_NAME = "$(TARGET_NAME)";
				SWIFT_EMIT_LOC_STRINGS = YES;
				SWIFT_VERSION = 5.0;
				TARGETED_DEVICE_FAMILY = "1,2";
			};
			name = Release;
		};
/* End XCBuildConfiguration section */

/* Begin XCConfigurationList section */
		7AFC8DC12BE11D9E0068752E /* Build configuration list for PBXProject "TMSHomework-Lesson39" */ = {
			isa = XCConfigurationList;
			buildConfigurations = (
				7AFC8DD82BE11DA00068752E /* Debug */,
				7AFC8DD92BE11DA00068752E /* Release */,
			);
			defaultConfigurationIsVisible = 0;
			defaultConfigurationName = Release;
		};
		7AFC8DDA2BE11DA00068752E /* Build configuration list for PBXNativeTarget "TMSHomework-Lesson39" */ = {
			isa = XCConfigurationList;
			buildConfigurations = (
				7AFC8DDB2BE11DA00068752E /* Debug */,
				7AFC8DDC2BE11DA00068752E /* Release */,
			);
			defaultConfigurationIsVisible = 0;
			defaultConfigurationName = Release;
		};
/* End XCConfigurationList section */
	};
	rootObject = 7AFC8DBE2BE11D9E0068752E /* Project object */;
}
